
Microsoft Visual Studio Solution File, Format Version 12.00
# Visual Studio Version 16
VisualStudioVersion = 16.0.31321.278
MinimumVisualStudioVersion = 10.0.40219.1
Project("{8BC9CEB8-8B4A-11D0-8D11-00A0C91BC942}") = "Stack", "Stack\Stack.vcxproj", "{A57C8E6C-3783-4FDA-94E2-6C016EFA1B71}"
EndProject
Project("{8BC9CEB8-8B4A-11D0-8D11-00A0C91BC942}") = "Stack2", "Stack2\Stack2.vcxproj", "{7CFBE12B-8CF6-45C7-A377-EAA8E4562709}"
EndProject
Project("{8BC9CEB8-8B4A-11D0-8D11-00A0C91BC942}") = "Stack3", "Stack3\Stack3.vcxproj", "{70675014-32A8-497E-B720-846ABE18E900}"
EndProject
Project("{8BC9CEB8-8B4A-11D0-8D11-00A0C91BC942}") = "Queue1", "Queue\Queue.vcxproj", "{309C65C0-389D-4F55-951A-C25117290121}"
EndProject
Project("{8BC9CEB8-8B4A-11D0-8D11-00A0C91BC942}") = "Queue2", "Queue2\Queue2.vcxproj", "{8BDFA55B-E096-48A4-A08F-C57A2C8DA574}"
EndProject
Project("{8BC9CEB8-8B4A-11D0-8D11-00A0C91BC942}") = "Queue3", "Queue3\Queue3.vcxproj", "{7476159C-31E6-48A3-B94F-F50E47FC7CAE}"
EndProject
Project("{8BC9CEB8-8B4A-11D0-8D11-00A0C91BC942}") = "Stack4", "Stack4\Stack4.vcxproj", "{FC77A7B5-B72B-43B6-84AB-D1443FCE7AB5}"
EndProject
Project("{8BC9CEB8-8B4A-11D0-8D11-00A0C91BC942}") = "Stack5", "Stack5\Stack5.vcxproj", "{D522A68C-CB93-4EEA-B2B5-1A3DD981ED86}"
EndProject
Project("{8BC9CEB8-8B4A-11D0-8D11-00A0C91BC942}") = "ex", "ex\ex.vcxproj", "{6D4341D1-CDEB-4046-9871-11703B3BB9B3}"
EndProject
Project("{8BC9CEB8-8B4A-11D0-8D11-00A0C91BC942}") = "Queue4", "Queue4\Queue4.vcxproj", "{5E53BAFE-3C43-4ABF-AF15-2C8EA1261443}"
EndProject
Project("{8BC9CEB8-8B4A-11D0-8D11-00A0C91BC942}") = "Queue5", "Queue5\Queue5.vcxproj", "{E208A47B-9BC9-4840-950D-3B45EB23CC18}"
EndProject
Global
	GlobalSection(SolutionConfigurationPlatforms) = preSolution
		Debug|x64 = Debug|x64
		Debug|x86 = Debug|x86
		Release|x64 = Release|x64
		Release|x86 = Release|x86
	EndGlobalSection
	GlobalSection(ProjectConfigurationPlatforms) = postSolution
		{A57C8E6C-3783-4FDA-94E2-6C016EFA1B71}.Debug|x64.ActiveCfg = Debug|x64
		{A57C8E6C-3783-4FDA-94E2-6C016EFA1B71}.Debug|x64.Build.0 = Debug|x64
		{A57C8E6C-3783-4FDA-94E2-6C016EFA1B71}.Debug|x86.ActiveCfg = Debug|Win32
		{A57C8E6C-3783-4FDA-94E2-6C016EFA1B71}.Debug|x86.Build.0 = Debug|Win32
		{A57C8E6C-3783-4FDA-94E2-6C016EFA1B71}.Release|x64.ActiveCfg = Release|x64
		{A57C8E6C-3783-4FDA-94E2-6C016EFA1B71}.Release|x64.Build.0 = Release|x64
		{A57C8E6C-3783-4FDA-94E2-6C016EFA1B71}.Release|x86.ActiveCfg = Release|Win32
		{A57C8E6C-3783-4FDA-94E2-6C016EFA1B71}.Release|x86.Build.0 = Release|Win32
		{7CFBE12B-8CF6-45C7-A377-EAA8E4562709}.Debug|x64.ActiveCfg = Debug|x64
		{7CFBE12B-8CF6-45C7-A377-EAA8E4562709}.Debug|x64.Build.0 = Debug|x64
		{7CFBE12B-8CF6-45C7-A377-EAA8E4562709}.Debug|x86.ActiveCfg = Debug|Win32
		{7CFBE12B-8CF6-45C7-A377-EAA8E4562709}.Debug|x86.Build.0 = Debug|Win32
		{7CFBE12B-8CF6-45C7-A377-EAA8E4562709}.Release|x64.ActiveCfg = Release|x64
		{7CFBE12B-8CF6-45C7-A377-EAA8E4562709}.Release|x64.Build.0 = Release|x64
		{7CFBE12B-8CF6-45C7-A377-EAA8E4562709}.Release|x86.ActiveCfg = Release|Win32
		{7CFBE12B-8CF6-45C7-A377-EAA8E4562709}.Release|x86.Build.0 = Release|Win32
		{70675014-32A8-497E-B720-846ABE18E900}.Debug|x64.ActiveCfg = Debug|x64
		{70675014-32A8-497E-B720-846ABE18E900}.Debug|x64.Build.0 = Debug|x64
		{70675014-32A8-497E-B720-846ABE18E900}.Debug|x86.ActiveCfg = Debug|Win32
		{70675014-32A8-497E-B720-846ABE18E900}.Debug|x86.Build.0 = Debug|Win32
		{70675014-32A8-497E-B720-846ABE18E900}.Release|x64.ActiveCfg = Release|x64
		{70675014-32A8-497E-B720-846ABE18E900}.Release|x64.Build.0 = Release|x64
		{70675014-32A8-497E-B720-846ABE18E900}.Release|x86.ActiveCfg = Release|Win32
		{70675014-32A8-497E-B720-846ABE18E900}.Release|x86.Build.0 = Release|Win32
		{309C65C0-389D-4F55-951A-C25117290121}.Debug|x64.ActiveCfg = Debug|x64
		{309C65C0-389D-4F55-951A-C25117290121}.Debug|x64.Build.0 = Debug|x64
		{309C65C0-389D-4F55-951A-C25117290121}.Debug|x86.ActiveCfg = Debug|Win32
		{309C65C0-389D-4F55-951A-C25117290121}.Debug|x86.Build.0 = Debug|Win32
		{309C65C0-389D-4F55-951A-C25117290121}.Release|x64.ActiveCfg = Release|x64
		{309C65C0-389D-4F55-951A-C25117290121}.Release|x64.Build.0 = Release|x64
		{309C65C0-389D-4F55-951A-C25117290121}.Release|x86.ActiveCfg = Release|Win32
		{309C65C0-389D-4F55-951A-C25117290121}.Release|x86.Build.0 = Release|Win32
		{8BDFA55B-E096-48A4-A08F-C57A2C8DA574}.Debug|x64.ActiveCfg = Debug|x64
		{8BDFA55B-E096-48A4-A08F-C57A2C8DA574}.Debug|x64.Build.0 = Debug|x64
		{8BDFA55B-E096-48A4-A08F-C57A2C8DA574}.Debug|x86.ActiveCfg = Debug|Win32
		{8BDFA55B-E096-48A4-A08F-C57A2C8DA574}.Debug|x86.Build.0 = Debug|Win32
		{8BDFA55B-E096-48A4-A08F-C57A2C8DA574}.Release|x64.ActiveCfg = Release|x64
		{8BDFA55B-E096-48A4-A08F-C57A2C8DA574}.Release|x64.Build.0 = Release|x64
		{8BDFA55B-E096-48A4-A08F-C57A2C8DA574}.Release|x86.ActiveCfg = Release|Win32
		{8BDFA55B-E096-48A4-A08F-C57A2C8DA574}.Release|x86.Build.0 = Release|Win32
		{7476159C-31E6-48A3-B94F-F50E47FC7CAE}.Debug|x64.ActiveCfg = Debug|x64
		{7476159C-31E6-48A3-B94F-F50E47FC7CAE}.Debug|x64.Build.0 = Debug|x64
		{7476159C-31E6-48A3-B94F-F50E47FC7CAE}.Debug|x86.ActiveCfg = Debug|Win32
		{7476159C-31E6-48A3-B94F-F50E47FC7CAE}.Debug|x86.Build.0 = Debug|Win32
		{7476159C-31E6-48A3-B94F-F50E47FC7CAE}.Release|x64.ActiveCfg = Release|x64
		{7476159C-31E6-48A3-B94F-F50E47FC7CAE}.Release|x64.Build.0 = Release|x64
		{7476159C-31E6-48A3-B94F-F50E47FC7CAE}.Release|x86.ActiveCfg = Release|Win32
		{7476159C-31E6-48A3-B94F-F50E47FC7CAE}.Release|x86.Build.0 = Release|Win32
		{FC77A7B5-B72B-43B6-84AB-D1443FCE7AB5}.Debug|x64.ActiveCfg = Debug|x64
		{FC77A7B5-B72B-43B6-84AB-D1443FCE7AB5}.Debug|x64.Build.0 = Debug|x64
		{FC77A7B5-B72B-43B6-84AB-D1443FCE7AB5}.Debug|x86.ActiveCfg = Debug|Win32
		{FC77A7B5-B72B-43B6-84AB-D1443FCE7AB5}.Debug|x86.Build.0 = Debug|Win32
		{FC77A7B5-B72B-43B6-84AB-D1443FCE7AB5}.Release|x64.ActiveCfg = Release|x64
		{FC77A7B5-B72B-43B6-84AB-D1443FCE7AB5}.Release|x64.Build.0 = Release|x64
		{FC77A7B5-B72B-43B6-84AB-D1443FCE7AB5}.Release|x86.ActiveCfg = Release|Win32
		{FC77A7B5-B72B-43B6-84AB-D1443FCE7AB5}.Release|x86.Build.0 = Release|Win32
		{D522A68C-CB93-4EEA-B2B5-1A3DD981ED86}.Debug|x64.ActiveCfg = Debug|x64
		{D522A68C-CB93-4EEA-B2B5-1A3DD981ED86}.Debug|x64.Build.0 = Debug|x64
		{D522A68C-CB93-4EEA-B2B5-1A3DD981ED86}.Debug|x86.ActiveCfg = Debug|Win32
		{D522A68C-CB93-4EEA-B2B5-1A3DD981ED86}.Debug|x86.Build.0 = Debug|Win32
		{D522A68C-CB93-4EEA-B2B5-1A3DD981ED86}.Release|x64.ActiveCfg = Release|x64
		{D522A68C-CB93-4EEA-B2B5-1A3DD981ED86}.Release|x64.Build.0 = Release|x64
		{D522A68C-CB93-4EEA-B2B5-1A3DD981ED86}.Release|x86.ActiveCfg = Release|Win32
		{D522A68C-CB93-4EEA-B2B5-1A3DD981ED86}.Release|x86.Build.0 = Release|Win32
		{6D4341D1-CDEB-4046-9871-11703B3BB9B3}.Debug|x64.ActiveCfg = Debug|x64
		{6D4341D1-CDEB-4046-9871-11703B3BB9B3}.Debug|x64.Build.0 = Debug|x64
		{6D4341D1-CDEB-4046-9871-11703B3BB9B3}.Debug|x86.ActiveCfg = Debug|Win32
		{6D4341D1-CDEB-4046-9871-11703B3BB9B3}.Debug|x86.Build.0 = Debug|Win32
		{6D4341D1-CDEB-4046-9871-11703B3BB9B3}.Release|x64.ActiveCfg = Release|x64
		{6D4341D1-CDEB-4046-9871-11703B3BB9B3}.Release|x64.Build.0 = Release|x64
		{6D4341D1-CDEB-4046-9871-11703B3BB9B3}.Release|x86.ActiveCfg = Release|Win32
		{6D4341D1-CDEB-4046-9871-11703B3BB9B3}.Release|x86.Build.0 = Release|Win32
		{5E53BAFE-3C43-4ABF-AF15-2C8EA1261443}.Debug|x64.ActiveCfg = Debug|x64
		{5E53BAFE-3C43-4ABF-AF15-2C8EA1261443}.Debug|x64.Build.0 = Debug|x64
		{5E53BAFE-3C43-4ABF-AF15-2C8EA1261443}.Debug|x86.ActiveCfg = Debug|Win32
		{5E53BAFE-3C43-4ABF-AF15-2C8EA1261443}.Debug|x86.Build.0 = Debug|Win32
		{5E53BAFE-3C43-4ABF-AF15-2C8EA1261443}.Release|x64.ActiveCfg = Release|x64
		{5E53BAFE-3C43-4ABF-AF15-2C8EA1261443}.Release|x64.Build.0 = Release|x64
		{5E53BAFE-3C43-4ABF-AF15-2C8EA1261443}.Release|x86.ActiveCfg = Release|Win32
		{5E53BAFE-3C43-4ABF-AF15-2C8EA1261443}.Release|x86.Build.0 = Release|Win32
		{E208A47B-9BC9-4840-950D-3B45EB23CC18}.Debug|x64.ActiveCfg = Debug|x64
		{E208A47B-9BC9-4840-950D-3B45EB23CC18}.Debug|x64.Build.0 = Debug|x64
		{E208A47B-9BC9-4840-950D-3B45EB23CC18}.Debug|x86.ActiveCfg = Debug|Win32
		{E208A47B-9BC9-4840-950D-3B45EB23CC18}.Debug|x86.Build.0 = Debug|Win32
		{E208A47B-9BC9-4840-950D-3B45EB23CC18}.Release|x64.ActiveCfg = Release|x64
		{E208A47B-9BC9-4840-950D-3B45EB23CC18}.Release|x64.Build.0 = Release|x64
		{E208A47B-9BC9-4840-950D-3B45EB23CC18}.Release|x86.ActiveCfg = Release|Win32
		{E208A47B-9BC9-4840-950D-3B45EB23CC18}.Release|x86.Build.0 = Release|Win32
	EndGlobalSection
	GlobalSection(SolutionProperties) = preSolution
		HideSolutionNode = FALSE
	EndGlobalSection
	GlobalSection(ExtensibilityGlobals) = postSolution
		SolutionGuid = {64E9FFCF-4722-4B5C-8963-787CCB5A9D60}
	EndGlobalSection
EndGlobal
